
Microsoft Visual Studio Solution File, Format Version 12.00
# Visual Studio Version 17
VisualStudioVersion = 17.5.002.0
MinimumVisualStudioVersion = 10.0.40219.1
Project("{9A19103F-16F7-4668-BE54-9A1E7A4F7556}") = "Game_dev", "Game_dev.csproj", "{B3517405-CE2E-49D9-8D8A-0507C4F7D0D5}"
EndProject
Global
	GlobalSection(SolutionConfigurationPlatforms) = preSolution
		Debug|Any CPU = Debug|Any CPU
		Release|Any CPU = Release|Any CPU
	EndGlobalSection
	GlobalSection(ProjectConfigurationPlatforms) = postSolution
		{B3517405-CE2E-49D9-8D8A-0507C4F7D0D5}.Debug|Any CPU.ActiveCfg = Debug|Any CPU
		{B3517405-CE2E-49D9-8D8A-0507C4F7D0D5}.Debug|Any CPU.Build.0 = Debug|Any CPU
		{B3517405-CE2E-49D9-8D8A-0507C4F7D0D5}.Release|Any CPU.ActiveCfg = Release|Any CPU
		{B3517405-CE2E-49D9-8D8A-0507C4F7D0D5}.Release|Any CPU.Build.0 = Release|Any CPU
	EndGlobalSection
	GlobalSection(SolutionProperties) = preSolution
		HideSolutionNode = FALSE
	EndGlobalSection
	GlobalSection(ExtensibilityGlobals) = postSolution
		SolutionGuid = {E10D0DA2-CFAC-45B1-96D0-9A2A9A5CE9F6}
	EndGlobalSection
EndGlobal
